{"1.2.0",
[{<<"bcrypt">>,{pkg,<<"bcrypt">>,<<"1.1.2">>},0},
 {<<"bson">>,
  {git,"git://github.com/comtihon/bson-erlang",
       {ref,"d5e5a954ab29d721cfab0dcf2906d247208bdd35"}},
  0},
 {<<"cowboy">>,
  {git,"https://github.com/ninenines/cowboy.git",
       {ref,"8795233c57f1f472781a22ffbf186ce38cc5b049"}},
  0},
 {<<"cowlib">>,
  {git,"https://github.com/ninenines/cowlib",
       {ref,"6deddc7d3360aa0f50eb2375cc0226157185c472"}},
  1},
 {<<"jiffy">>,
  {git,"https://github.com/davisp/jiffy",
       {ref,"effc3c9a68478b692523e61b308ad9257c1ddeca"}},
  0},
 {<<"jsx">>,{pkg,<<"jsx">>,<<"2.9.0">>},1},
 {<<"jwerl">>,
  {git,"https://github.com/G-Corp/jwerl",
       {ref,"ebbc2ae6979f1c154ae7ac4bd7570d843022932c"}},
  0},
 {<<"mongodb">>,
  {git,"git://github.com/comtihon/mongodb-erlang",
       {ref,"bf76ceae546869408e34f3b0f5ab5ed59b9b7da7"}},
  0},
 {<<"pbkdf2">>,
  {git,"git://github.com/comtihon/erlang-pbkdf2.git",
       {ref,"5201a735639496fc595061160117e4ec155d73f5"}},
  1},
 {<<"poolboy">>,
  {git,"git://github.com/comtihon/poolboy.git",
       {ref,"9c06a9ad4e700e0724a2e3c4b44c5f5d51380a0d"}},
  1},
 {<<"ranch">>,
  {git,"https://github.com/ninenines/ranch",
       {ref,"3190aef88aea04d6dce8545fe9b4574288903f44"}},
  1}]}.
[
{pkg_hash,[
 {<<"bcrypt">>, <<"36C9F72EEFDB7736EA27260B5FE2D8694D4AAC9E17361EE566E5D71173EA3CA7">>},
 {<<"jsx">>, <<"D2F6E5F069C00266CAD52FB15D87C428579EA4D7D73A33669E12679E203329DD">>}]},
{pkg_hash_ext,[
 {<<"bcrypt">>, <<"0E6B19B5C6F7859C3D1BC19B13AABD58482CA42F177599330BA48C7D1D12B214">>},
 {<<"jsx">>, <<"8EE1DB1CABAFDD578A2776A6AAAE87C2A8CE54B47B59E9EC7DAB5D7EB71CD8DC">>}]}
].
